{
  "name": "test-lodash-project",
  "version": "1.0.0",
  "lockfileVersion": 3,
  "requires": true,
  "packages": {
    "": {
      "name": "test-lodash-project",
      "version": "1.0.0",
      "license": "ISC",
      "dependencies": {
        "utilitex": "^1.1.1"
      }
    },
    "node_modules/utilitex": {
      "version": "1.1.1",
      "resolved": "https://registry.npmjs.org/utilitex/-/utilitex-1.1.1.tgz",
      "integrity": "sha512-Cx+K4zMdp5JlgVre2eFYXoSCkcA5ohPG2fp/LDU3y+ahCYvMLhHp/3kafQQppZpGuRUVKMELQRCLyz1IYa4saw==",
      "license": "ISC",
      "bin": {
        "utilitex": "src/index.js"
      }
    }
  }
}
